# THIS IS AN AUTOGENERATED FILE. DO NOT EDIT THIS FILE DIRECTLY.
# yarn lockfile v1


angular-cookies@^1.8.2:
  version "1.8.2"
  resolved "https://registry.yarnpkg.com/angular-cookies/-/angular-cookies-1.8.2.tgz#0791c37c395d9fba8144781f3b2ed135ca7c5925"
  integrity sha512-M6fCnsnw1pj1+nXuO28ilJ+h6pFCIXQKSEgy9/PIoN0sZr5FqsE9BK18PdBQa8dif+fnHCAYpPU8MgDzT/sZSg==

angular-file-saver@^1.1.3:
  version "1.1.3"
  resolved "https://registry.yarnpkg.com/angular-file-saver/-/angular-file-saver-1.1.3.tgz#dcaec0695214f226a4caafc8c16d21a9a61f7d1b"
  integrity sha1-3K7AaVIU8iakyq/IwW0hqaYffRs=
  dependencies:
    blob-tmp "^1.0.0"
    file-saver "^1.3.3"

angular-route@^1.8.2:
  version "1.8.2"
  resolved "https://registry.yarnpkg.com/angular-route/-/angular-route-1.8.2.tgz#d482bf05a8c9e448300acd8f9989c635d31b5077"
  integrity sha512-49LJYxuaQ/ZDiu9dD2xo1LkazqObkGjw0a7dUF7UKCT8EELgBsMd6QrI6aEVGtI62ppkiFkxqmiV8fcwYdXpug==

angular-ui-bootstrap@^2.5.6:
  version "2.5.6"
  resolved "https://registry.yarnpkg.com/angular-ui-bootstrap/-/angular-ui-bootstrap-2.5.6.tgz#23937322ec641a6fbee16498cc32452aa199e7c5"
  integrity sha512-yzcHpPMLQl0232nDzm5P4iAFTFQ9dMw0QgFLuKYbDj9M0xJ62z0oudYD/Lvh1pWfRsukiytP4Xj6BHOSrSXP8A==

angular@^1.8.2:
  version "1.8.2"
  resolved "https://registry.yarnpkg.com/angular/-/angular-1.8.2.tgz#5983bbb5a9fa63e213cb7749199e0d352de3a2f1"
  integrity sha512-IauMOej2xEe7/7Ennahkbb5qd/HFADiNuLSESz9Q27inmi32zB0lnAsFeLEWcox3Gd1F6YhNd1CP7/9IukJ0Gw==

blob-tmp@^1.0.0:
  version "1.0.0"
  resolved "https://registry.yarnpkg.com/blob-tmp/-/blob-tmp-1.0.0.tgz#de82491e222ff1354c77a93ee8e4ea2c89544273"
  integrity sha1-3oJJHiIv8TVMd6k+6OTqLIlUQnM=

bootstrap@^5.1.3:
  version "5.1.3"
  resolved "https://registry.yarnpkg.com/bootstrap/-/bootstrap-5.1.3.tgz#ba081b0c130f810fa70900acbc1c6d3c28fa8f34"
  integrity sha512-fcQztozJ8jToQWXxVuEyXWW+dSo8AiXWKwiSSrKWsRB/Qt+Ewwza+JWoLKiTuQLaEPhdNAJ7+Dosc9DOIqNy7Q==

file-saver@^1.3.3:
  version "1.3.8"
  resolved "https://registry.yarnpkg.com/file-saver/-/file-saver-1.3.8.tgz#e68a30c7cb044e2fb362b428469feb291c2e09d8"
  integrity sha512-spKHSBQIxxS81N/O21WmuXA2F6wppUCsutpzenOeZzOCCJ5gEfcbqJP983IrpLXzYmXnMUa6J03SubcNPdKrlg==

jquery@^3.6.0:
  version "3.6.0"
  resolved "https://registry.yarnpkg.com/jquery/-/jquery-3.6.0.tgz#c72a09f15c1bdce142f49dbf1170bdf8adac2470"
  integrity sha512-JVzAR/AjBvVt2BmYhxRCSYysDsPcssdmTFnzyLEts9qNwmjmu4JTAMYubEfwVOSwpQ1I1sKKFcxhZCI2buerfw==
